
Microsoft Visual Studio Solution File, Format Version 12.00
# Visual Studio Version 17
VisualStudioVersion = 17.2.32616.157
MinimumVisualStudioVersion = 10.0.40219.1
Project("{8BC9CEB8-8B4A-11D0-8D11-00A0C91BC942}") = "lc-3", "lc-3\lc-3.vcxproj", "{92F7E911-E45C-4DD2-ADBC-60D5D2AEA51A}"
EndProject
Global
	GlobalSection(SolutionConfigurationPlatforms) = preSolution
		Debug|x64 = Debug|x64
		Debug|x86 = Debug|x86
		Release|x64 = Release|x64
		Release|x86 = Release|x86
	EndGlobalSection
	GlobalSection(ProjectConfigurationPlatforms) = postSolution
		{92F7E911-E45C-4DD2-ADBC-60D5D2AEA51A}.Debug|x64.ActiveCfg = Debug|x64
		{92F7E911-E45C-4DD2-ADBC-60D5D2AEA51A}.Debug|x64.Build.0 = Debug|x64
		{92F7E911-E45C-4DD2-ADBC-60D5D2AEA51A}.Debug|x86.ActiveCfg = Debug|Win32
		{92F7E911-E45C-4DD2-ADBC-60D5D2AEA51A}.Debug|x86.Build.0 = Debug|Win32
		{92F7E911-E45C-4DD2-ADBC-60D5D2AEA51A}.Release|x64.ActiveCfg = Release|x64
		{92F7E911-E45C-4DD2-ADBC-60D5D2AEA51A}.Release|x64.Build.0 = Release|x64
		{92F7E911-E45C-4DD2-ADBC-60D5D2AEA51A}.Release|x86.ActiveCfg = Release|Win32
		{92F7E911-E45C-4DD2-ADBC-60D5D2AEA51A}.Release|x86.Build.0 = Release|Win32
	EndGlobalSection
	GlobalSection(SolutionProperties) = preSolution
		HideSolutionNode = FALSE
	EndGlobalSection
	GlobalSection(ExtensibilityGlobals) = postSolution
		SolutionGuid = {2D9104A7-3031-48C3-80EF-8811DACF099C}
	EndGlobalSection
EndGlobal
